
Microsoft Visual Studio Solution File, Format Version 11.00
# Visual Studio 2010
Project("{FAE04EC0-301F-11D3-BF4B-00C04F79EFBC}") = "GameFrame.Logic", "GameFrame.Logic.csproj", "{4ebb8db1-35df-ad74-ef32-950d1ca4e298}"
EndProject
Project("{FAE04EC0-301F-11D3-BF4B-00C04F79EFBC}") = "GameFrame.Core", "GameFrame.Core.csproj", "{a07aa83e-c966-5469-d5a4-fe256ba2872b}"
EndProject
Project("{FAE04EC0-301F-11D3-BF4B-00C04F79EFBC}") = "WGame.Hotfix", "WGame.Hotfix.csproj", "{2a053b6e-242d-80ca-91d6-c266eb51f60c}"
EndProject
Project("{FAE04EC0-301F-11D3-BF4B-00C04F79EFBC}") = "WGame.ThirdParty", "WGame.ThirdParty.csproj", "{e1d22f00-9820-ba20-a6a1-4908a6c5f426}"
EndProject
Global
	GlobalSection(SolutionConfigurationPlatforms) = preSolution
		Debug|Any CPU = Debug|Any CPU
	EndGlobalSection
	GlobalSection(ProjectConfigurationPlatforms) = postSolution
		{4ebb8db1-35df-ad74-ef32-950d1ca4e298}.Debug|Any CPU.ActiveCfg = Debug|Any CPU
		{4ebb8db1-35df-ad74-ef32-950d1ca4e298}.Debug|Any CPU.Build.0 = Debug|Any CPU
		{a07aa83e-c966-5469-d5a4-fe256ba2872b}.Debug|Any CPU.ActiveCfg = Debug|Any CPU
		{a07aa83e-c966-5469-d5a4-fe256ba2872b}.Debug|Any CPU.Build.0 = Debug|Any CPU
		{2a053b6e-242d-80ca-91d6-c266eb51f60c}.Debug|Any CPU.ActiveCfg = Debug|Any CPU
		{2a053b6e-242d-80ca-91d6-c266eb51f60c}.Debug|Any CPU.Build.0 = Debug|Any CPU
		{e1d22f00-9820-ba20-a6a1-4908a6c5f426}.Debug|Any CPU.ActiveCfg = Debug|Any CPU
		{e1d22f00-9820-ba20-a6a1-4908a6c5f426}.Debug|Any CPU.Build.0 = Debug|Any CPU
	EndGlobalSection
	GlobalSection(SolutionProperties) = preSolution
		HideSolutionNode = FALSE
	EndGlobalSection
EndGlobal
